
Microsoft Visual Studio Solution File, Format Version 12.00
# Visual Studio Version 16
VisualStudioVersion = 16.0.30011.22
MinimumVisualStudioVersion = 10.0.40219.1
Project("{FAE04EC0-301F-11D3-BF4B-00C04F79EFBC}") = "AsyncStateMachineOverheadTest", "AsyncStateMachineOverheadTest\AsyncStateMachineOverheadTest.csproj", "{8B4CCF3F-7AF4-4081-B8DD-85F89708BB34}"
EndProject
Global
	GlobalSection(SolutionConfigurationPlatforms) = preSolution
		Debug|Any CPU = Debug|Any CPU
		Release|Any CPU = Release|Any CPU
	EndGlobalSection
	GlobalSection(ProjectConfigurationPlatforms) = postSolution
		{8B4CCF3F-7AF4-4081-B8DD-85F89708BB34}.Debug|Any CPU.ActiveCfg = Debug|Any CPU
		{8B4CCF3F-7AF4-4081-B8DD-85F89708BB34}.Debug|Any CPU.Build.0 = Debug|Any CPU
		{8B4CCF3F-7AF4-4081-B8DD-85F89708BB34}.Release|Any CPU.ActiveCfg = Release|Any CPU
		{8B4CCF3F-7AF4-4081-B8DD-85F89708BB34}.Release|Any CPU.Build.0 = Release|Any CPU
	EndGlobalSection
	GlobalSection(SolutionProperties) = preSolution
		HideSolutionNode = FALSE
	EndGlobalSection
	GlobalSection(ExtensibilityGlobals) = postSolution
		SolutionGuid = {E0332C03-B193-4283-BB62-47EC9FC4BF4A}
	EndGlobalSection
EndGlobal
